
Microsoft Visual Studio Solution File, Format Version 12.00
# Visual Studio Version 16
VisualStudioVersion = 16.0.30907.101
MinimumVisualStudioVersion = 10.0.40219.1
Project("{FAE04EC0-301F-11D3-BF4B-00C04F79EFBC}") = "TesonetTask", "TesonetTask\TesonetTask.csproj", "{64B6465A-A4EC-411F-8CA3-7FD4F5C94C70}"
EndProject
Project("{FAE04EC0-301F-11D3-BF4B-00C04F79EFBC}") = "TesonetTaskTest", "TesonetTaskTest\TesonetTaskTest.csproj", "{A680B12D-A0F0-4C34-84E6-6119A210B4E9}"
EndProject
Global
	GlobalSection(SolutionConfigurationPlatforms) = preSolution
		Debug|Any CPU = Debug|Any CPU
		Release|Any CPU = Release|Any CPU
	EndGlobalSection
	GlobalSection(ProjectConfigurationPlatforms) = postSolution
		{64B6465A-A4EC-411F-8CA3-7FD4F5C94C70}.Debug|Any CPU.ActiveCfg = Debug|Any CPU
		{64B6465A-A4EC-411F-8CA3-7FD4F5C94C70}.Debug|Any CPU.Build.0 = Debug|Any CPU
		{64B6465A-A4EC-411F-8CA3-7FD4F5C94C70}.Release|Any CPU.ActiveCfg = Release|Any CPU
		{64B6465A-A4EC-411F-8CA3-7FD4F5C94C70}.Release|Any CPU.Build.0 = Release|Any CPU
		{A680B12D-A0F0-4C34-84E6-6119A210B4E9}.Debug|Any CPU.ActiveCfg = Debug|Any CPU
		{A680B12D-A0F0-4C34-84E6-6119A210B4E9}.Debug|Any CPU.Build.0 = Debug|Any CPU
		{A680B12D-A0F0-4C34-84E6-6119A210B4E9}.Release|Any CPU.ActiveCfg = Release|Any CPU
		{A680B12D-A0F0-4C34-84E6-6119A210B4E9}.Release|Any CPU.Build.0 = Release|Any CPU
	EndGlobalSection
	GlobalSection(SolutionProperties) = preSolution
		HideSolutionNode = FALSE
	EndGlobalSection
	GlobalSection(ExtensibilityGlobals) = postSolution
		SolutionGuid = {1894EDED-956F-4821-A83B-920013DD2005}
	EndGlobalSection
EndGlobal
